// !$*UTF8*$!
{
	archiveVersion = 1;
	classes = {
	};
	objectVersion = 50;
	objects = {

/* Begin PBXBuildFile section */
		48008EC9F3DC7AD2A3224467 /* Pods_PespiOS.framework in Frameworks */ = {isa = PBXBuildFile; fileRef = 5F752BA8DB8D0103D00593B5 /* Pods_PespiOS.framework */; };
		B46EFE23233C64CB004EA698 /* CountryDetailViewController.swift in Sources */ = {isa = PBXBuildFile; fileRef = B46EFE22233C64CB004EA698 /* CountryDetailViewController.swift */; };
		B482E729233B16C700472457 /* Country.swift in Sources */ = {isa = PBXBuildFile; fileRef = B482E728233B16C700472457 /* Country.swift */; };
		B482E72D233B272500472457 /* CountryCollectionViewCell.swift in Sources */ = {isa = PBXBuildFile; fileRef = B482E72B233B272500472457 /* CountryCollectionViewCell.swift */; };
		B482E72E233B272500472457 /* CountryCollectionViewCell.xib in Resources */ = {isa = PBXBuildFile; fileRef = B482E72C233B272500472457 /* CountryCollectionViewCell.xib */; };
		B4D64726233EB62C00590C83 /* Extensions.swift in Sources */ = {isa = PBXBuildFile; fileRef = B4D64725233EB62C00590C83 /* Extensions.swift */; };
		B4F3A55723395A79003D7310 /* AppDelegate.swift in Sources */ = {isa = PBXBuildFile; fileRef = B4F3A55623395A79003D7310 /* AppDelegate.swift */; };
		B4F3A55923395A79003D7310 /* SceneDelegate.swift in Sources */ = {isa = PBXBuildFile; fileRef = B4F3A55823395A79003D7310 /* SceneDelegate.swift */; };
		B4F3A55B23395A79003D7310 /* ViewController.swift in Sources */ = {isa = PBXBuildFile; fileRef = B4F3A55A23395A79003D7310 /* ViewController.swift */; };
		B4F3A55E23395A79003D7310 /* Main.storyboard in Resources */ = {isa = PBXBuildFile; fileRef = B4F3A55C23395A79003D7310 /* Main.storyboard */; };
		B4F3A56023395A7B003D7310 /* Assets.xcassets in Resources */ = {isa = PBXBuildFile; fileRef = B4F3A55F23395A7B003D7310 /* Assets.xcassets */; };
		B4F3A56323395A7B003D7310 /* LaunchScreen.storyboard in Resources */ = {isa = PBXBuildFile; fileRef = B4F3A56123395A7B003D7310 /* LaunchScreen.storyboard */; };
		B4F3A56E23395A7C003D7310 /* PespiOSTests.swift in Sources */ = {isa = PBXBuildFile; fileRef = B4F3A56D23395A7C003D7310 /* PespiOSTests.swift */; };
		B4F3A57923395A7C003D7310 /* PespiOSUITests.swift in Sources */ = {isa = PBXBuildFile; fileRef = B4F3A57823395A7C003D7310 /* PespiOSUITests.swift */; };
		B4F3A58823395BE6003D7310 /* Service.swift in Sources */ = {isa = PBXBuildFile; fileRef = B4F3A58723395BE6003D7310 /* Service.swift */; };
/* End PBXBuildFile section */

/* Begin PBXContainerItemProxy section */
		B4F3A56A23395A7C003D7310 /* PBXContainerItemProxy */ = {
			isa = PBXContainerItemProxy;
			containerPortal = B4F3A54B23395A79003D7310 /* Project object */;
			proxyType = 1;
			remoteGlobalIDString = B4F3A55223395A79003D7310;
			remoteInfo = PespiOS;
		};
		B4F3A57523395A7C003D7310 /* PBXContainerItemProxy */ = {
			isa = PBXContainerItemProxy;
			containerPortal = B4F3A54B23395A79003D7310 /* Project object */;
			proxyType = 1;
			remoteGlobalIDString = B4F3A55223395A79003D7310;
			remoteInfo = PespiOS;
		};
/* End PBXContainerItemProxy section */

/* Begin PBXFileReference section */
		316234AF2F38FF3A10A125F4 /* Pods-PespiOS.debug.xcconfig */ = {isa = PBXFileReference; includeInIndex = 1; lastKnownFileType = text.xcconfig; name = "Pods-PespiOS.debug.xcconfig"; path = "Pods/Target Support Files/Pods-PespiOS/Pods-PespiOS.debug.xcconfig"; sourceTree = "<group>"; };
		5F752BA8DB8D0103D00593B5 /* Pods_PespiOS.framework */ = {isa = PBXFileReference; explicitFileType = wrapper.framework; includeInIndex = 0; path = Pods_PespiOS.framework; sourceTree = BUILT_PRODUCTS_DIR; };
		B46EFE22233C64CB004EA698 /* CountryDetailViewController.swift */ = {isa = PBXFileReference; lastKnownFileType = sourcecode.swift; path = CountryDetailViewController.swift; sourceTree = "<group>"; };
		B482E728233B16C700472457 /* Country.swift */ = {isa = PBXFileReference; lastKnownFileType = sourcecode.swift; path = Country.swift; sourceTree = "<group>"; };
		B482E72B233B272500472457 /* CountryCollectionViewCell.swift */ = {isa = PBXFileReference; lastKnownFileType = sourcecode.swift; path = CountryCollectionViewCell.swift; sourceTree = "<group>"; };
		B482E72C233B272500472457 /* CountryCollectionViewCell.xib */ = {isa = PBXFileReference; lastKnownFileType = file.xib; path = CountryCollectionViewCell.xib; sourceTree = "<group>"; };
		B4D64725233EB62C00590C83 /* Extensions.swift */ = {isa = PBXFileReference; lastKnownFileType = sourcecode.swift; path = Extensions.swift; sourceTree = "<group>"; };
		B4F3A55323395A79003D7310 /* PespiOS.app */ = {isa = PBXFileReference; explicitFileType = wrapper.application; includeInIndex = 0; path = PespiOS.app; sourceTree = BUILT_PRODUCTS_DIR; };
		B4F3A55623395A79003D7310 /* AppDelegate.swift */ = {isa = PBXFileReference; lastKnownFileType = sourcecode.swift; path = AppDelegate.swift; sourceTree = "<group>"; };
		B4F3A55823395A79003D7310 /* SceneDelegate.swift */ = {isa = PBXFileReference; lastKnownFileType = sourcecode.swift; path = SceneDelegate.swift; sourceTree = "<group>"; };
		B4F3A55A23395A79003D7310 /* ViewController.swift */ = {isa = PBXFileReference; lastKnownFileType = sourcecode.swift; path = ViewController.swift; sourceTree = "<group>"; };
		B4F3A55D23395A79003D7310 /* Base */ = {isa = PBXFileReference; lastKnownFileType = file.storyboard; name = Base; path = Base.lproj/Main.storyboard; sourceTree = "<group>"; };
		B4F3A55F23395A7B003D7310 /* Assets.xcassets */ = {isa = PBXFileReference; lastKnownFileType = folder.assetcatalog; path = Assets.xcassets; sourceTree = "<group>"; };
		B4F3A56223395A7B003D7310 /* Base */ = {isa = PBXFileReference; lastKnownFileType = file.storyboard; name = Base; path = Base.lproj/LaunchScreen.storyboard; sourceTree = "<group>"; };
		B4F3A56423395A7B003D7310 /* Info.plist */ = {isa = PBXFileReference; lastKnownFileType = text.plist.xml; path = Info.plist; sourceTree = "<group>"; };
		B4F3A56923395A7C003D7310 /* PespiOSTests.xctest */ = {isa = PBXFileReference; explicitFileType = wrapper.cfbundle; includeInIndex = 0; path = PespiOSTests.xctest; sourceTree = BUILT_PRODUCTS_DIR; };
		B4F3A56D23395A7C003D7310 /* PespiOSTests.swift */ = {isa = PBXFileReference; lastKnownFileType = sourcecode.swift; path = PespiOSTests.swift; sourceTree = "<group>"; };
		B4F3A56F23395A7C003D7310 /* Info.plist */ = {isa = PBXFileReference; lastKnownFileType = text.plist.xml; path = Info.plist; sourceTree = "<group>"; };
		B4F3A57423395A7C003D7310 /* PespiOSUITests.xctest */ = {isa = PBXFileReference; explicitFileType = wrapper.cfbundle; includeInIndex = 0; path = PespiOSUITests.xctest; sourceTree = BUILT_PRODUCTS_DIR; };
		B4F3A57823395A7C003D7310 /* PespiOSUITests.swift */ = {isa = PBXFileReference; lastKnownFileType = sourcecode.swift; path = PespiOSUITests.swift; sourceTree = "<group>"; };
		B4F3A57A23395A7C003D7310 /* Info.plist */ = {isa = PBXFileReference; lastKnownFileType = text.plist.xml; path = Info.plist; sourceTree = "<group>"; };
		B4F3A58723395BE6003D7310 /* Service.swift */ = {isa = PBXFileReference; lastKnownFileType = sourcecode.swift; path = Service.swift; sourceTree = "<group>"; };
		FACAEE75450433CDAFF4C0DC /* Pods-PespiOS.release.xcconfig */ = {isa = PBXFileReference; includeInIndex = 1; lastKnownFileType = text.xcconfig; name = "Pods-PespiOS.release.xcconfig"; path = "Pods/Target Support Files/Pods-PespiOS/Pods-PespiOS.release.xcconfig"; sourceTree = "<group>"; };
/* End PBXFileReference section */

/* Begin PBXFrameworksBuildPhase section */
		B4F3A55023395A79003D7310 /* Frameworks */ = {
			isa = PBXFrameworksBuildPhase;
			buildActionMask = 2147483647;
			files = (
				48008EC9F3DC7AD2A3224467 /* Pods_PespiOS.framework in Frameworks */,
			);
			runOnlyForDeploymentPostprocessing = 0;
		};
		B4F3A56623395A7C003D7310 /* Frameworks */ = {
			isa = PBXFrameworksBuildPhase;
			buildActionMask = 2147483647;
			files = (
			);
			runOnlyForDeploymentPostprocessing = 0;
		};
		B4F3A57123395A7C003D7310 /* Frameworks */ = {
			isa = PBXFrameworksBuildPhase;
			buildActionMask = 2147483647;
			files = (
			);
			runOnlyForDeploymentPostprocessing = 0;
		};
/* End PBXFrameworksBuildPhase section */

/* Begin PBXGroup section */
		48EF2394DA9A86FCC2BFB178 /* Pods */ = {
			isa = PBXGroup;
			children = (
				316234AF2F38FF3A10A125F4 /* Pods-PespiOS.debug.xcconfig */,
				FACAEE75450433CDAFF4C0DC /* Pods-PespiOS.release.xcconfig */,
			);
			name = Pods;
			sourceTree = "<group>";
		};
		B482E72A233B26A700472457 /* Views */ = {
			isa = PBXGroup;
			children = (
				B482E72B233B272500472457 /* CountryCollectionViewCell.swift */,
				B482E72C233B272500472457 /* CountryCollectionViewCell.xib */,
			);
			path = Views;
			sourceTree = "<group>";
		};
		B4D64724233EB60E00590C83 /* Extension */ = {
			isa = PBXGroup;
			children = (
				B4D64725233EB62C00590C83 /* Extensions.swift */,
			);
			path = Extension;
			sourceTree = "<group>";
		};
		B4F3A54A23395A79003D7310 = {
			isa = PBXGroup;
			children = (
				B4F3A55523395A79003D7310 /* PespiOS */,
				B4F3A56C23395A7C003D7310 /* PespiOSTests */,
				B4F3A57723395A7C003D7310 /* PespiOSUITests */,
				B4F3A55423395A79003D7310 /* Products */,
				48EF2394DA9A86FCC2BFB178 /* Pods */,
				F10CB6C4794F6630BBD5F941 /* Frameworks */,
			);
			sourceTree = "<group>";
		};
		B4F3A55423395A79003D7310 /* Products */ = {
			isa = PBXGroup;
			children = (
				B4F3A55323395A79003D7310 /* PespiOS.app */,
				B4F3A56923395A7C003D7310 /* PespiOSTests.xctest */,
				B4F3A57423395A7C003D7310 /* PespiOSUITests.xctest */,
			);
			name = Products;
			sourceTree = "<group>";
		};
		B4F3A55523395A79003D7310 /* PespiOS */ = {
			isa = PBXGroup;
			children = (
				B4D64724233EB60E00590C83 /* Extension */,
				B482E72A233B26A700472457 /* Views */,
				B4F3A58623395B6C003D7310 /* Model */,
				B4F3A55623395A79003D7310 /* AppDelegate.swift */,
				B4F3A55823395A79003D7310 /* SceneDelegate.swift */,
				B4F3A55A23395A79003D7310 /* ViewController.swift */,
				B4F3A55C23395A79003D7310 /* Main.storyboard */,
				B4F3A55F23395A7B003D7310 /* Assets.xcassets */,
				B4F3A56123395A7B003D7310 /* LaunchScreen.storyboard */,
				B4F3A56423395A7B003D7310 /* Info.plist */,
				B46EFE22233C64CB004EA698 /* CountryDetailViewController.swift */,
			);
			path = PespiOS;
			sourceTree = "<group>";
		};
		B4F3A56C23395A7C003D7310 /* PespiOSTests */ = {
			isa = PBXGroup;
			children = (
				B4F3A56D23395A7C003D7310 /* PespiOSTests.swift */,
				B4F3A56F23395A7C003D7310 /* Info.plist */,
			);
			path = PespiOSTests;
			sourceTree = "<group>";
		};
		B4F3A57723395A7C003D7310 /* PespiOSUITests */ = {
			isa = PBXGroup;
			children = (
				B4F3A57823395A7C003D7310 /* PespiOSUITests.swift */,
				B4F3A57A23395A7C003D7310 /* Info.plist */,
			);
			path = PespiOSUITests;
			sourceTree = "<group>";
		};
		B4F3A58623395B6C003D7310 /* Model */ = {
			isa = PBXGroup;
			children = (
				B4F3A58723395BE6003D7310 /* Service.swift */,
				B482E728233B16C700472457 /* Country.swift */,
			);
			path = Model;
			sourceTree = "<group>";
		};
		F10CB6C4794F6630BBD5F941 /* Frameworks */ = {
			isa = PBXGroup;
			children = (
				5F752BA8DB8D0103D00593B5 /* Pods_PespiOS.framework */,
			);
			name = Frameworks;
			sourceTree = "<group>";
		};
/* End PBXGroup section */

/* Begin PBXNativeTarget section */
		B4F3A55223395A79003D7310 /* PespiOS */ = {
			isa = PBXNativeTarget;
			buildConfigurationList = B4F3A57D23395A7C003D7310 /* Build configuration list for PBXNativeTarget "PespiOS" */;
			buildPhases = (
				08122E5CB997C02FFEF5CF7E /* [CP] Check Pods Manifest.lock */,
				B4F3A54F23395A79003D7310 /* Sources */,
				B4F3A55023395A79003D7310 /* Frameworks */,
				B4F3A55123395A79003D7310 /* Resources */,
				D779582365638DBAD9F3AE20 /* [CP] Embed Pods Frameworks */,
				0F30F998D51BFE8EE9183C06 /* [CP] Copy Pods Resources */,
			);
			buildRules = (
			);
			dependencies = (
			);
			name = PespiOS;
			productName = PespiOS;
			productReference = B4F3A55323395A79003D7310 /* PespiOS.app */;
			productType = "com.apple.product-type.application";
		};
		B4F3A56823395A7C003D7310 /* PespiOSTests */ = {
			isa = PBXNativeTarget;
			buildConfigurationList = B4F3A58023395A7C003D7310 /* Build configuration list for PBXNativeTarget "PespiOSTests" */;
			buildPhases = (
				B4F3A56523395A7C003D7310 /* Sources */,
				B4F3A56623395A7C003D7310 /* Frameworks */,
				B4F3A56723395A7C003D7310 /* Resources */,
			);
			buildRules = (
			);
			dependencies = (
				B4F3A56B23395A7C003D7310 /* PBXTargetDependency */,
			);
			name = PespiOSTests;
			productName = PespiOSTests;
			productReference = B4F3A56923395A7C003D7310 /* PespiOSTests.xctest */;
			productType = "com.apple.product-type.bundle.unit-test";
		};
		B4F3A57323395A7C003D7310 /* PespiOSUITests */ = {
			isa = PBXNativeTarget;
			buildConfigurationList = B4F3A58323395A7C003D7310 /* Build configuration list for PBXNativeTarget "PespiOSUITests" */;
			buildPhases = (
				B4F3A57023395A7C003D7310 /* Sources */,
				B4F3A57123395A7C003D7310 /* Frameworks */,
				B4F3A57223395A7C003D7310 /* Resources */,
			);
			buildRules = (
			);
			dependencies = (
				B4F3A57623395A7C003D7310 /* PBXTargetDependency */,
			);
			name = PespiOSUITests;
			productName = PespiOSUITests;
			productReference = B4F3A57423395A7C003D7310 /* PespiOSUITests.xctest */;
			productType = "com.apple.product-type.bundle.ui-testing";
		};
/* End PBXNativeTarget section */

/* Begin PBXProject section */
		B4F3A54B23395A79003D7310 /* Project object */ = {
			isa = PBXProject;
			attributes = {
				LastSwiftUpdateCheck = 1100;
				LastUpgradeCheck = 1100;
				ORGANIZATIONNAME = JuanSosa;
				TargetAttributes = {
					B4F3A55223395A79003D7310 = {
						CreatedOnToolsVersion = 11.0;
					};
					B4F3A56823395A7C003D7310 = {
						CreatedOnToolsVersion = 11.0;
						TestTargetID = B4F3A55223395A79003D7310;
					};
					B4F3A57323395A7C003D7310 = {
						CreatedOnToolsVersion = 11.0;
						TestTargetID = B4F3A55223395A79003D7310;
					};
				};
			};
			buildConfigurationList = B4F3A54E23395A79003D7310 /* Build configuration list for PBXProject "PespiOS" */;
			compatibilityVersion = "Xcode 9.3";
			developmentRegion = en;
			hasScannedForEncodings = 0;
			knownRegions = (
				en,
				Base,
			);
			mainGroup = B4F3A54A23395A79003D7310;
			productRefGroup = B4F3A55423395A79003D7310 /* Products */;
			projectDirPath = "";
			projectRoot = "";
			targets = (
				B4F3A55223395A79003D7310 /* PespiOS */,
				B4F3A56823395A7C003D7310 /* PespiOSTests */,
				B4F3A57323395A7C003D7310 /* PespiOSUITests */,
			);
		};
/* End PBXProject section */

/* Begin PBXResourcesBuildPhase section */
		B4F3A55123395A79003D7310 /* Resources */ = {
			isa = PBXResourcesBuildPhase;
			buildActionMask = 2147483647;
			files = (
				B4F3A56323395A7B003D7310 /* LaunchScreen.storyboard in Resources */,
				B482E72E233B272500472457 /* CountryCollectionViewCell.xib in Resources */,
				B4F3A56023395A7B003D7310 /* Assets.xcassets in Resources */,
				B4F3A55E23395A79003D7310 /* Main.storyboard in Resources */,
			);
			runOnlyForDeploymentPostprocessing = 0;
		};
		B4F3A56723395A7C003D7310 /* Resources */ = {
			isa = PBXResourcesBuildPhase;
			buildActionMask = 2147483647;
			files = (
			);
			runOnlyForDeploymentPostprocessing = 0;
		};
		B4F3A57223395A7C003D7310 /* Resources */ = {
			isa = PBXResourcesBuildPhase;
			buildActionMask = 2147483647;
			files = (
			);
			runOnlyForDeploymentPostprocessing = 0;
		};
/* End PBXResourcesBuildPhase section */

/* Begin PBXShellScriptBuildPhase section */
		08122E5CB997C02FFEF5CF7E /* [CP] Check Pods Manifest.lock */ = {
			isa = PBXShellScriptBuildPhase;
			buildActionMask = 2147483647;
			files = (
			);
			inputFileListPaths = (
			);
			inputPaths = (
				"${PODS_PODFILE_DIR_PATH}/Podfile.lock",
				"${PODS_ROOT}/Manifest.lock",
			);
			name = "[CP] Check Pods Manifest.lock";
			outputFileListPaths = (
			);
			outputPaths = (
				"$(DERIVED_FILE_DIR)/Pods-PespiOS-checkManifestLockResult.txt",
			);
			runOnlyForDeploymentPostprocessing = 0;
			shellPath = /bin/sh;
			shellScript = "diff \"${PODS_PODFILE_DIR_PATH}/Podfile.lock\" \"${PODS_ROOT}/Manifest.lock\" > /dev/null\nif [ $? != 0 ] ; then\n    # print error to STDERR\n    echo \"error: The sandbox is not in sync with the Podfile.lock. Run 'pod install' or update your CocoaPods installation.\" >&2\n    exit 1\nfi\n# This output is used by Xcode 'outputs' to avoid re-running this script phase.\necho \"SUCCESS\" > \"${SCRIPT_OUTPUT_FILE_0}\"\n";
			showEnvVarsInLog = 0;
		};
		0F30F998D51BFE8EE9183C06 /* [CP] Copy Pods Resources */ = {
			isa = PBXShellScriptBuildPhase;
			buildActionMask = 2147483647;
			files = (
			);
			inputFileListPaths = (
			);
			inputPaths = (
				"${SRCROOT}/Pods/Target Support Files/Pods-PespiOS/Pods-PespiOS-resources.sh",
				"${PODS_ROOT}/GoogleMaps/Maps/Frameworks/GoogleMaps.framework/Resources/GoogleMaps.bundle",
				"${PODS_ROOT}/GooglePlaces/Frameworks/GooglePlaces.framework/Resources/GooglePlaces.bundle",
			);
			name = "[CP] Copy Pods Resources";
			outputFileListPaths = (
			);
			outputPaths = (
				"${TARGET_BUILD_DIR}/${UNLOCALIZED_RESOURCES_FOLDER_PATH}/GoogleMaps.bundle",
				"${TARGET_BUILD_DIR}/${UNLOCALIZED_RESOURCES_FOLDER_PATH}/GooglePlaces.bundle",
			);
			runOnlyForDeploymentPostprocessing = 0;
			shellPath = /bin/sh;
			shellScript = "\"${SRCROOT}/Pods/Target Support Files/Pods-PespiOS/Pods-PespiOS-resources.sh\"\n";
			showEnvVarsInLog = 0;
		};
		D779582365638DBAD9F3AE20 /* [CP] Embed Pods Frameworks */ = {
			isa = PBXShellScriptBuildPhase;
			buildActionMask = 2147483647;
			files = (
			);
			inputFileListPaths = (
			);
			inputPaths = (
				"${SRCROOT}/Pods/Target Support Files/Pods-PespiOS/Pods-PespiOS-frameworks.sh",
				"${BUILT_PRODUCTS_DIR}/Alamofire/Alamofire.framework",
				"${BUILT_PRODUCTS_DIR}/AlamofireImage/AlamofireImage.framework",
				"${BUILT_PRODUCTS_DIR}/CocoaLumberjack/CocoaLumberjack.framework",
				"${BUILT_PRODUCTS_DIR}/SVGKit/SVGKit.framework",
			);
			name = "[CP] Embed Pods Frameworks";
			outputFileListPaths = (
			);
			outputPaths = (
				"${TARGET_BUILD_DIR}/${FRAMEWORKS_FOLDER_PATH}/Alamofire.framework",
				"${TARGET_BUILD_DIR}/${FRAMEWORKS_FOLDER_PATH}/AlamofireImage.framework",
				"${TARGET_BUILD_DIR}/${FRAMEWORKS_FOLDER_PATH}/CocoaLumberjack.framework",
				"${TARGET_BUILD_DIR}/${FRAMEWORKS_FOLDER_PATH}/SVGKit.framework",
			);
			runOnlyForDeploymentPostprocessing = 0;
			shellPath = /bin/sh;
			shellScript = "\"${SRCROOT}/Pods/Target Support Files/Pods-PespiOS/Pods-PespiOS-frameworks.sh\"\n";
			showEnvVarsInLog = 0;
		};
/* End PBXShellScriptBuildPhase section */

/* Begin PBXSourcesBuildPhase section */
		B4F3A54F23395A79003D7310 /* Sources */ = {
			isa = PBXSourcesBuildPhase;
			buildActionMask = 2147483647;
			files = (
				B4F3A55B23395A79003D7310 /* ViewController.swift in Sources */,
				B482E72D233B272500472457 /* CountryCollectionViewCell.swift in Sources */,
				B4F3A58823395BE6003D7310 /* Service.swift in Sources */,
				B4D64726233EB62C00590C83 /* Extensions.swift in Sources */,
				B46EFE23233C64CB004EA698 /* CountryDetailViewController.swift in Sources */,
				B4F3A55723395A79003D7310 /* AppDelegate.swift in Sources */,
				B482E729233B16C700472457 /* Country.swift in Sources */,
				B4F3A55923395A79003D7310 /* SceneDelegate.swift in Sources */,
			);
			runOnlyForDeploymentPostprocessing = 0;
		};
		B4F3A56523395A7C003D7310 /* Sources */ = {
			isa = PBXSourcesBuildPhase;
			buildActionMask = 2147483647;
			files = (
				B4F3A56E23395A7C003D7310 /* PespiOSTests.swift in Sources */,
			);
			runOnlyForDeploymentPostprocessing = 0;
		};
		B4F3A57023395A7C003D7310 /* Sources */ = {
			isa = PBXSourcesBuildPhase;
			buildActionMask = 2147483647;
			files = (
				B4F3A57923395A7C003D7310 /* PespiOSUITests.swift in Sources */,
			);
			runOnlyForDeploymentPostprocessing = 0;
		};
/* End PBXSourcesBuildPhase section */

/* Begin PBXTargetDependency section */
		B4F3A56B23395A7C003D7310 /* PBXTargetDependency */ = {
			isa = PBXTargetDependency;
			target = B4F3A55223395A79003D7310 /* PespiOS */;
			targetProxy = B4F3A56A23395A7C003D7310 /* PBXContainerItemProxy */;
		};
		B4F3A57623395A7C003D7310 /* PBXTargetDependency */ = {
			isa = PBXTargetDependency;
			target = B4F3A55223395A79003D7310 /* PespiOS */;
			targetProxy = B4F3A57523395A7C003D7310 /* PBXContainerItemProxy */;
		};
/* End PBXTargetDependency section */

/* Begin PBXVariantGroup section */
		B4F3A55C23395A79003D7310 /* Main.storyboard */ = {
			isa = PBXVariantGroup;
			children = (
				B4F3A55D23395A79003D7310 /* Base */,
			);
			name = Main.storyboard;
			sourceTree = "<group>";
		};
		B4F3A56123395A7B003D7310 /* LaunchScreen.storyboard */ = {
			isa = PBXVariantGroup;
			children = (
				B4F3A56223395A7B003D7310 /* Base */,
			);
			name = LaunchScreen.storyboard;
			sourceTree = "<group>";
		};
/* End PBXVariantGroup section */

/* Begin XCBuildConfiguration section */
		B4F3A57B23395A7C003D7310 /* Debug */ = {
			isa = XCBuildConfiguration;
			buildSettings = {
				ALWAYS_SEARCH_USER_PATHS = NO;
				CLANG_ANALYZER_NONNULL = YES;
				CLANG_ANALYZER_NUMBER_OBJECT_CONVERSION = YES_AGGRESSIVE;
				CLANG_CXX_LANGUAGE_STANDARD = "gnu++14";
				CLANG_CXX_LIBRARY = "libc++";
				CLANG_ENABLE_MODULES = YES;
				CLANG_ENABLE_OBJC_ARC = YES;
				CLANG_ENABLE_OBJC_WEAK = YES;
				CLANG_WARN_BLOCK_CAPTURE_AUTORELEASING = YES;
				CLANG_WARN_BOOL_CONVERSION = YES;
				CLANG_WARN_COMMA = YES;
				CLANG_WARN_CONSTANT_CONVERSION = YES;
				CLANG_WARN_DEPRECATED_OBJC_IMPLEMENTATIONS = YES;
				CLANG_WARN_DIRECT_OBJC_ISA_USAGE = YES_ERROR;
				CLANG_WARN_DOCUMENTATION_COMMENTS = YES;
				CLANG_WARN_EMPTY_BODY = YES;
				CLANG_WARN_ENUM_CONVERSION = YES;
				CLANG_WARN_INFINITE_RECURSION = YES;
				CLANG_WARN_INT_CONVERSION = YES;
				CLANG_WARN_NON_LITERAL_NULL_CONVERSION = YES;
				CLANG_WARN_OBJC_IMPLICIT_RETAIN_SELF = YES;
				CLANG_WARN_OBJC_LITERAL_CONVERSION = YES;
				CLANG_WARN_OBJC_ROOT_CLASS = YES_ERROR;
				CLANG_WARN_RANGE_LOOP_ANALYSIS = YES;
				CLANG_WARN_STRICT_PROTOTYPES = YES;
				CLANG_WARN_SUSPICIOUS_MOVE = YES;
				CLANG_WARN_UNGUARDED_AVAILABILITY = YES_AGGRESSIVE;
				CLANG_WARN_UNREACHABLE_CODE = YES;
				CLANG_WARN__DUPLICATE_METHOD_MATCH = YES;
				COPY_PHASE_STRIP = NO;
				DEBUG_INFORMATION_FORMAT = dwarf;
				ENABLE_STRICT_OBJC_MSGSEND = YES;
				ENABLE_TESTABILITY = YES;
				GCC_C_LANGUAGE_STANDARD = gnu11;
				GCC_DYNAMIC_NO_PIC = NO;
				GCC_NO_COMMON_BLOCKS = YES;
				GCC_OPTIMIZATION_LEVEL = 0;
				GCC_PREPROCESSOR_DEFINITIONS = (
					"DEBUG=1",
					"$(inherited)",
				);
				GCC_WARN_64_TO_32_BIT_CONVERSION = YES;
				GCC_WARN_ABOUT_RETURN_TYPE = YES_ERROR;
				GCC_WARN_UNDECLARED_SELECTOR = YES;
				GCC_WARN_UNINITIALIZED_AUTOS = YES_AGGRESSIVE;
				GCC_WARN_UNUSED_FUNCTION = YES;
				GCC_WARN_UNUSED_VARIABLE = YES;
				IPHONEOS_DEPLOYMENT_TARGET = 13.0;
				MTL_ENABLE_DEBUG_INFO = INCLUDE_SOURCE;
				MTL_FAST_MATH = YES;
				ONLY_ACTIVE_ARCH = YES;
				SDKROOT = iphoneos;
				SWIFT_ACTIVE_COMPILATION_CONDITIONS = DEBUG;
				SWIFT_OPTIMIZATION_LEVEL = "-Onone";
			};
			name = Debug;
		};
		B4F3A57C23395A7C003D7310 /* Release */ = {
			isa = XCBuildConfiguration;
			buildSettings = {
				ALWAYS_SEARCH_USER_PATHS = NO;
				CLANG_ANALYZER_NONNULL = YES;
				CLANG_ANALYZER_NUMBER_OBJECT_CONVERSION = YES_AGGRESSIVE;
				CLANG_CXX_LANGUAGE_STANDARD = "gnu++14";
				CLANG_CXX_LIBRARY = "libc++";
				CLANG_ENABLE_MODULES = YES;
				CLANG_ENABLE_OBJC_ARC = YES;
				CLANG_ENABLE_OBJC_WEAK = YES;
				CLANG_WARN_BLOCK_CAPTURE_AUTORELEASING = YES;
				CLANG_WARN_BOOL_CONVERSION = YES;
				CLANG_WARN_COMMA = YES;
				CLANG_WARN_CONSTANT_CONVERSION = YES;
				CLANG_WARN_DEPRECATED_OBJC_IMPLEMENTATIONS = YES;
				CLANG_WARN_DIRECT_OBJC_ISA_USAGE = YES_ERROR;
				CLANG_WARN_DOCUMENTATION_COMMENTS = YES;
				CLANG_WARN_EMPTY_BODY = YES;
				CLANG_WARN_ENUM_CONVERSION = YES;
				CLANG_WARN_INFINITE_RECURSION = YES;
				CLANG_WARN_INT_CONVERSION = YES;
				CLANG_WARN_NON_LITERAL_NULL_CONVERSION = YES;
				CLANG_WARN_OBJC_IMPLICIT_RETAIN_SELF = YES;
				CLANG_WARN_OBJC_LITERAL_CONVERSION = YES;
				CLANG_WARN_OBJC_ROOT_CLASS = YES_ERROR;
				CLANG_WARN_RANGE_LOOP_ANALYSIS = YES;
				CLANG_WARN_STRICT_PROTOTYPES = YES;
				CLANG_WARN_SUSPICIOUS_MOVE = YES;
				CLANG_WARN_UNGUARDED_AVAILABILITY = YES_AGGRESSIVE;
				CLANG_WARN_UNREACHABLE_CODE = YES;
				CLANG_WARN__DUPLICATE_METHOD_MATCH = YES;
				COPY_PHASE_STRIP = NO;
				DEBUG_INFORMATION_FORMAT = "dwarf-with-dsym";
				ENABLE_NS_ASSERTIONS = NO;
				ENABLE_STRICT_OBJC_MSGSEND = YES;
				GCC_C_LANGUAGE_STANDARD = gnu11;
				GCC_NO_COMMON_BLOCKS = YES;
				GCC_WARN_64_TO_32_BIT_CONVERSION = YES;
				GCC_WARN_ABOUT_RETURN_TYPE = YES_ERROR;
				GCC_WARN_UNDECLARED_SELECTOR = YES;
				GCC_WARN_UNINITIALIZED_AUTOS = YES_AGGRESSIVE;
				GCC_WARN_UNUSED_FUNCTION = YES;
				GCC_WARN_UNUSED_VARIABLE = YES;
				IPHONEOS_DEPLOYMENT_TARGET = 13.0;
				MTL_ENABLE_DEBUG_INFO = NO;
				MTL_FAST_MATH = YES;
				SDKROOT = iphoneos;
				SWIFT_COMPILATION_MODE = wholemodule;
				SWIFT_OPTIMIZATION_LEVEL = "-O";
				VALIDATE_PRODUCT = YES;
			};
			name = Release;
		};
		B4F3A57E23395A7C003D7310 /* Debug */ = {
			isa = XCBuildConfiguration;
			baseConfigurationReference = 316234AF2F38FF3A10A125F4 /* Pods-PespiOS.debug.xcconfig */;
			buildSettings = {
				ASSETCATALOG_COMPILER_APPICON_NAME = AppIcon;
				CODE_SIGN_STYLE = Automatic;
				DEVELOPMENT_TEAM = 9DNT246TL8;
				INFOPLIST_FILE = PespiOS/Info.plist;
				LD_RUNPATH_SEARCH_PATHS = (
					"$(inherited)",
					"@executable_path/Frameworks",
				);
				PRODUCT_BUNDLE_IDENTIFIER = Juan.PespiOS;
				PRODUCT_NAME = "$(TARGET_NAME)";
				SWIFT_VERSION = 5.0;
				TARGETED_DEVICE_FAMILY = "1,2";
			};
			name = Debug;
		};
		B4F3A57F23395A7C003D7310 /* Release */ = {
			isa = XCBuildConfiguration;
			baseConfigurationReference = FACAEE75450433CDAFF4C0DC /* Pods-PespiOS.release.xcconfig */;
			buildSettings = {
				ASSETCATALOG_COMPILER_APPICON_NAME = AppIcon;
				CODE_SIGN_STYLE = Automatic;
				DEVELOPMENT_TEAM = 9DNT246TL8;
				INFOPLIST_FILE = PespiOS/Info.plist;
				LD_RUNPATH_SEARCH_PATHS = (
					"$(inherited)",
					"@executable_path/Frameworks",
				);
				PRODUCT_BUNDLE_IDENTIFIER = Juan.PespiOS;
				PRODUCT_NAME = "$(TARGET_NAME)";
				SWIFT_VERSION = 5.0;
				TARGETED_DEVICE_FAMILY = "1,2";
			};
			name = Release;
		};
		B4F3A58123395A7C003D7310 /* Debug */ = {
			isa = XCBuildConfiguration;
			buildSettings = {
				ALWAYS_EMBED_SWIFT_STANDARD_LIBRARIES = YES;
				BUNDLE_LOADER = "$(TEST_HOST)";
				CODE_SIGN_STYLE = Automatic;
				DEVELOPMENT_TEAM = 9DNT246TL8;
				INFOPLIST_FILE = PespiOSTests/Info.plist;
				IPHONEOS_DEPLOYMENT_TARGET = 13.0;
				LD_RUNPATH_SEARCH_PATHS = (
					"$(inherited)",
					"@executable_path/Frameworks",
					"@loader_path/Frameworks",
				);
				PRODUCT_BUNDLE_IDENTIFIER = Juan.PespiOSTests;
				PRODUCT_NAME = "$(TARGET_NAME)";
				SWIFT_VERSION = 5.0;
				TARGETED_DEVICE_FAMILY = "1,2";
				TEST_HOST = "$(BUILT_PRODUCTS_DIR)/PespiOS.app/PespiOS";
			};
			name = Debug;
		};
		B4F3A58223395A7C003D7310 /* Release */ = {
			isa = XCBuildConfiguration;
			buildSettings = {
				ALWAYS_EMBED_SWIFT_STANDARD_LIBRARIES = YES;
				BUNDLE_LOADER = "$(TEST_HOST)";
				CODE_SIGN_STYLE = Automatic;
				DEVELOPMENT_TEAM = 9DNT246TL8;
				INFOPLIST_FILE = PespiOSTests/Info.plist;
				IPHONEOS_DEPLOYMENT_TARGET = 13.0;
				LD_RUNPATH_SEARCH_PATHS = (
					"$(inherited)",
					"@executable_path/Frameworks",
					"@loader_path/Frameworks",
				);
				PRODUCT_BUNDLE_IDENTIFIER = Juan.PespiOSTests;
				PRODUCT_NAME = "$(TARGET_NAME)";
				SWIFT_VERSION = 5.0;
				TARGETED_DEVICE_FAMILY = "1,2";
				TEST_HOST = "$(BUILT_PRODUCTS_DIR)/PespiOS.app/PespiOS";
			};
			name = Release;
		};
		B4F3A58423395A7C003D7310 /* Debug */ = {
			isa = XCBuildConfiguration;
			buildSettings = {
				ALWAYS_EMBED_SWIFT_STANDARD_LIBRARIES = YES;
				CODE_SIGN_STYLE = Automatic;
				DEVELOPMENT_TEAM = 9DNT246TL8;
				INFOPLIST_FILE = PespiOSUITests/Info.plist;
				LD_RUNPATH_SEARCH_PATHS = (
					"$(inherited)",
					"@executable_path/Frameworks",
					"@loader_path/Frameworks",
				);
				PRODUCT_BUNDLE_IDENTIFIER = Juan.PespiOSUITests;
				PRODUCT_NAME = "$(TARGET_NAME)";
				SWIFT_VERSION = 5.0;
				TARGETED_DEVICE_FAMILY = "1,2";
				TEST_TARGET_NAME = PespiOS;
			};
			name = Debug;
		};
		B4F3A58523395A7C003D7310 /* Release */ = {
			isa = XCBuildConfiguration;
			buildSettings = {
				ALWAYS_EMBED_SWIFT_STANDARD_LIBRARIES = YES;
				CODE_SIGN_STYLE = Automatic;
				DEVELOPMENT_TEAM = 9DNT246TL8;
				INFOPLIST_FILE = PespiOSUITests/Info.plist;
				LD_RUNPATH_SEARCH_PATHS = (
					"$(inherited)",
					"@executable_path/Frameworks",
					"@loader_path/Frameworks",
				);
				PRODUCT_BUNDLE_IDENTIFIER = Juan.PespiOSUITests;
				PRODUCT_NAME = "$(TARGET_NAME)";
				SWIFT_VERSION = 5.0;
				TARGETED_DEVICE_FAMILY = "1,2";
				TEST_TARGET_NAME = PespiOS;
			};
			name = Release;
		};
/* End XCBuildConfiguration section */

/* Begin XCConfigurationList section */
		B4F3A54E23395A79003D7310 /* Build configuration list for PBXProject "PespiOS" */ = {
			isa = XCConfigurationList;
			buildConfigurations = (
				B4F3A57B23395A7C003D7310 /* Debug */,
				B4F3A57C23395A7C003D7310 /* Release */,
			);
			defaultConfigurationIsVisible = 0;
			defaultConfigurationName = Release;
		};
		B4F3A57D23395A7C003D7310 /* Build configuration list for PBXNativeTarget "PespiOS" */ = {
			isa = XCConfigurationList;
			buildConfigurations = (
				B4F3A57E23395A7C003D7310 /* Debug */,
				B4F3A57F23395A7C003D7310 /* Release */,
			);
			defaultConfigurationIsVisible = 0;
			defaultConfigurationName = Release;
		};
		B4F3A58023395A7C003D7310 /* Build configuration list for PBXNativeTarget "PespiOSTests" */ = {
			isa = XCConfigurationList;
			buildConfigurations = (
				B4F3A58123395A7C003D7310 /* Debug */,
				B4F3A58223395A7C003D7310 /* Release */,
			);
			defaultConfigurationIsVisible = 0;
			defaultConfigurationName = Release;
		};
		B4F3A58323395A7C003D7310 /* Build configuration list for PBXNativeTarget "PespiOSUITests" */ = {
			isa = XCConfigurationList;
			buildConfigurations = (
				B4F3A58423395A7C003D7310 /* Debug */,
				B4F3A58523395A7C003D7310 /* Release */,
			);
			defaultConfigurationIsVisible = 0;
			defaultConfigurationName = Release;
		};
/* End XCConfigurationList section */
	};
	rootObject = B4F3A54B23395A79003D7310 /* Project object */;
}
